// !$*UTF8*$!
{
	archiveVersion = 1;
	classes = {
	};
	objectVersion = 56;
	objects = {

/* Begin PBXBuildFile section */
		BD10515C2A7BE81100FBD5AC /* Communico.xcdatamodeld in Sources */ = {isa = PBXBuildFile; fileRef = BD10515A2A7BE81100FBD5AC /* Communico.xcdatamodeld */; };
		BD21BB942A7C33500044FAAD /* WatchingItem.swift in Sources */ = {isa = PBXBuildFile; fileRef = BD21BB932A7C33500044FAAD /* WatchingItem.swift */; };
		BD21BB962A7D29F50044FAAD /* CreatingWatching.swift in Sources */ = {isa = PBXBuildFile; fileRef = BD21BB952A7D29F50044FAAD /* CreatingWatching.swift */; };
		BD6E64D82A7BFFC8009B5D0F /* Persistance.swift in Sources */ = {isa = PBXBuildFile; fileRef = BD6E64D72A7BFFC8009B5D0F /* Persistance.swift */; };
		BD8E91002A7BF7A5009AAA26 /* MainPage.swift in Sources */ = {isa = PBXBuildFile; fileRef = BD8E90FF2A7BF7A5009AAA26 /* MainPage.swift */; };
		BD8E91022A7BF822009AAA26 /* SecondView.swift in Sources */ = {isa = PBXBuildFile; fileRef = BD8E91012A7BF822009AAA26 /* SecondView.swift */; };
		BD9415102A795E4C00EE1BBF /* CommunicoApp.swift in Sources */ = {isa = PBXBuildFile; fileRef = BD94150F2A795E4C00EE1BBF /* CommunicoApp.swift */; };
		BD9415122A795E4C00EE1BBF /* ContentView.swift in Sources */ = {isa = PBXBuildFile; fileRef = BD9415112A795E4C00EE1BBF /* ContentView.swift */; };
		BD9415142A795E4D00EE1BBF /* Assets.xcassets in Resources */ = {isa = PBXBuildFile; fileRef = BD9415132A795E4D00EE1BBF /* Assets.xcassets */; };
		BD9415172A795E4D00EE1BBF /* Preview Assets.xcassets in Resources */ = {isa = PBXBuildFile; fileRef = BD9415162A795E4D00EE1BBF /* Preview Assets.xcassets */; };
		BD94151E2A7963A300EE1BBF /* Comfortaa in Resources */ = {isa = PBXBuildFile; fileRef = BD94151D2A7963A300EE1BBF /* Comfortaa */; };
		BDB712702A7C26A600FD4F45 /* PFP.swift in Sources */ = {isa = PBXBuildFile; fileRef = BDB7126F2A7C26A600FD4F45 /* PFP.swift */; };
		BDB712722A7C26F400FD4F45 /* ImagePicker.swift in Sources */ = {isa = PBXBuildFile; fileRef = BDB712712A7C26F400FD4F45 /* ImagePicker.swift */; };
		BDBE1B7D2A7D2E720034E82B /* profile.swift in Sources */ = {isa = PBXBuildFile; fileRef = BDBE1B7C2A7D2E720034E82B /* profile.swift */; };
		BDD00A0D2A7AB64600097332 /* LogInView.swift in Sources */ = {isa = PBXBuildFile; fileRef = BDD00A0C2A7AB64600097332 /* LogInView.swift */; };
		BDEF5C882A7BF54800869425 /* CoreDataManager.swift in Sources */ = {isa = PBXBuildFile; fileRef = BDEF5C872A7BF54800869425 /* CoreDataManager.swift */; };
/* End PBXBuildFile section */

/* Begin PBXFileReference section */
		BD10515B2A7BE81100FBD5AC /* Communico.xcdatamodel */ = {isa = PBXFileReference; lastKnownFileType = wrapper.xcdatamodel; path = Communico.xcdatamodel; sourceTree = "<group>"; };
		BD21BB932A7C33500044FAAD /* WatchingItem.swift */ = {isa = PBXFileReference; lastKnownFileType = sourcecode.swift; path = WatchingItem.swift; sourceTree = "<group>"; };
		BD21BB952A7D29F50044FAAD /* CreatingWatching.swift */ = {isa = PBXFileReference; lastKnownFileType = sourcecode.swift; path = CreatingWatching.swift; sourceTree = "<group>"; };
		BD6E64D72A7BFFC8009B5D0F /* Persistance.swift */ = {isa = PBXFileReference; lastKnownFileType = sourcecode.swift; path = Persistance.swift; sourceTree = "<group>"; };
		BD8E90FF2A7BF7A5009AAA26 /* MainPage.swift */ = {isa = PBXFileReference; lastKnownFileType = sourcecode.swift; path = MainPage.swift; sourceTree = "<group>"; };
		BD8E91012A7BF822009AAA26 /* SecondView.swift */ = {isa = PBXFileReference; lastKnownFileType = sourcecode.swift; path = SecondView.swift; sourceTree = "<group>"; };
		BD94150C2A795E4C00EE1BBF /* Communico.app */ = {isa = PBXFileReference; explicitFileType = wrapper.application; includeInIndex = 0; path = Communico.app; sourceTree = BUILT_PRODUCTS_DIR; };
		BD94150F2A795E4C00EE1BBF /* CommunicoApp.swift */ = {isa = PBXFileReference; lastKnownFileType = sourcecode.swift; path = CommunicoApp.swift; sourceTree = "<group>"; };
		BD9415112A795E4C00EE1BBF /* ContentView.swift */ = {isa = PBXFileReference; lastKnownFileType = sourcecode.swift; path = ContentView.swift; sourceTree = "<group>"; };
		BD9415132A795E4D00EE1BBF /* Assets.xcassets */ = {isa = PBXFileReference; lastKnownFileType = folder.assetcatalog; path = Assets.xcassets; sourceTree = "<group>"; };
		BD9415162A795E4D00EE1BBF /* Preview Assets.xcassets */ = {isa = PBXFileReference; lastKnownFileType = folder.assetcatalog; path = "Preview Assets.xcassets"; sourceTree = "<group>"; };
		BD94151D2A7963A300EE1BBF /* Comfortaa */ = {isa = PBXFileReference; lastKnownFileType = folder; name = Comfortaa; path = ../../../Downloads/Comfortaa; sourceTree = "<group>"; };
		BD94151F2A798E1100EE1BBF /* Info.plist */ = {isa = PBXFileReference; lastKnownFileType = text.plist; path = Info.plist; sourceTree = "<group>"; };
		BDB7126F2A7C26A600FD4F45 /* PFP.swift */ = {isa = PBXFileReference; lastKnownFileType = sourcecode.swift; path = PFP.swift; sourceTree = "<group>"; };
		BDB712712A7C26F400FD4F45 /* ImagePicker.swift */ = {isa = PBXFileReference; lastKnownFileType = sourcecode.swift; path = ImagePicker.swift; sourceTree = "<group>"; };
		BDBE1B7C2A7D2E720034E82B /* profile.swift */ = {isa = PBXFileReference; lastKnownFileType = sourcecode.swift; path = profile.swift; sourceTree = "<group>"; };
		BDD00A0C2A7AB64600097332 /* LogInView.swift */ = {isa = PBXFileReference; lastKnownFileType = sourcecode.swift; path = LogInView.swift; sourceTree = "<group>"; };
		BDEF5C872A7BF54800869425 /* CoreDataManager.swift */ = {isa = PBXFileReference; lastKnownFileType = sourcecode.swift; path = CoreDataManager.swift; sourceTree = "<group>"; };
/* End PBXFileReference section */

/* Begin PBXFrameworksBuildPhase section */
		BD9415092A795E4C00EE1BBF /* Frameworks */ = {
			isa = PBXFrameworksBuildPhase;
			buildActionMask = 2147483647;
			files = (
			);
			runOnlyForDeploymentPostprocessing = 0;
		};
/* End PBXFrameworksBuildPhase section */

/* Begin PBXGroup section */
		BD9415032A795E4C00EE1BBF = {
			isa = PBXGroup;
			children = (
				BD94150E2A795E4C00EE1BBF /* Communico */,
				BD94150D2A795E4C00EE1BBF /* Products */,
			);
			sourceTree = "<group>";
		};
		BD94150D2A795E4C00EE1BBF /* Products */ = {
			isa = PBXGroup;
			children = (
				BD94150C2A795E4C00EE1BBF /* Communico.app */,
			);
			name = Products;
			sourceTree = "<group>";
		};
		BD94150E2A795E4C00EE1BBF /* Communico */ = {
			isa = PBXGroup;
			children = (
				BD94151F2A798E1100EE1BBF /* Info.plist */,
				BD6E64D72A7BFFC8009B5D0F /* Persistance.swift */,
				BDEF5C872A7BF54800869425 /* CoreDataManager.swift */,
				BD94150F2A795E4C00EE1BBF /* CommunicoApp.swift */,
				BD8E91012A7BF822009AAA26 /* SecondView.swift */,
				BD9415112A795E4C00EE1BBF /* ContentView.swift */,
				BDD00A0C2A7AB64600097332 /* LogInView.swift */,
				BD8E90FF2A7BF7A5009AAA26 /* MainPage.swift */,
				BD21BB952A7D29F50044FAAD /* CreatingWatching.swift */,
				BD21BB932A7C33500044FAAD /* WatchingItem.swift */,
				BDB7126F2A7C26A600FD4F45 /* PFP.swift */,
				BDB712712A7C26F400FD4F45 /* ImagePicker.swift */,
				BDBE1B7C2A7D2E720034E82B /* profile.swift */,
				BD10515A2A7BE81100FBD5AC /* Communico.xcdatamodeld */,
				BD94151D2A7963A300EE1BBF /* Comfortaa */,
				BD9415132A795E4D00EE1BBF /* Assets.xcassets */,
				BD9415152A795E4D00EE1BBF /* Preview Content */,
			);
			path = Communico;
			sourceTree = "<group>";
		};
		BD9415152A795E4D00EE1BBF /* Preview Content */ = {
			isa = PBXGroup;
			children = (
				BD9415162A795E4D00EE1BBF /* Preview Assets.xcassets */,
			);
			path = "Preview Content";
			sourceTree = "<group>";
		};
/* End PBXGroup section */

/* Begin PBXNativeTarget section */
		BD94150B2A795E4C00EE1BBF /* Communico */ = {
			isa = PBXNativeTarget;
			buildConfigurationList = BD94151A2A795E4D00EE1BBF /* Build configuration list for PBXNativeTarget "Communico" */;
			buildPhases = (
				BD9415082A795E4C00EE1BBF /* Sources */,
				BD9415092A795E4C00EE1BBF /* Frameworks */,
				BD94150A2A795E4C00EE1BBF /* Resources */,
			);
			buildRules = (
			);
			dependencies = (
			);
			name = Communico;
			productName = Communico;
			productReference = BD94150C2A795E4C00EE1BBF /* Communico.app */;
			productType = "com.apple.product-type.application";
		};
/* End PBXNativeTarget section */

/* Begin PBXProject section */
		BD9415042A795E4C00EE1BBF /* Project object */ = {
			isa = PBXProject;
			attributes = {
				BuildIndependentTargetsInParallel = 1;
				LastSwiftUpdateCheck = 1430;
				LastUpgradeCheck = 1430;
				TargetAttributes = {
					BD94150B2A795E4C00EE1BBF = {
						CreatedOnToolsVersion = 14.3.1;
					};
				};
			};
			buildConfigurationList = BD9415072A795E4C00EE1BBF /* Build configuration list for PBXProject "Communico" */;
			compatibilityVersion = "Xcode 14.0";
			developmentRegion = en;
			hasScannedForEncodings = 0;
			knownRegions = (
				en,
				Base,
			);
			mainGroup = BD9415032A795E4C00EE1BBF;
			productRefGroup = BD94150D2A795E4C00EE1BBF /* Products */;
			projectDirPath = "";
			projectRoot = "";
			targets = (
				BD94150B2A795E4C00EE1BBF /* Communico */,
			);
		};
/* End PBXProject section */

/* Begin PBXResourcesBuildPhase section */
		BD94150A2A795E4C00EE1BBF /* Resources */ = {
			isa = PBXResourcesBuildPhase;
			buildActionMask = 2147483647;
			files = (
				BD9415172A795E4D00EE1BBF /* Preview Assets.xcassets in Resources */,
				BD94151E2A7963A300EE1BBF /* Comfortaa in Resources */,
				BD9415142A795E4D00EE1BBF /* Assets.xcassets in Resources */,
			);
			runOnlyForDeploymentPostprocessing = 0;
		};
/* End PBXResourcesBuildPhase section */

/* Begin PBXSourcesBuildPhase section */
		BD9415082A795E4C00EE1BBF /* Sources */ = {
			isa = PBXSourcesBuildPhase;
			buildActionMask = 2147483647;
			files = (
				BD9415122A795E4C00EE1BBF /* ContentView.swift in Sources */,
				BD8E91022A7BF822009AAA26 /* SecondView.swift in Sources */,
				BDD00A0D2A7AB64600097332 /* LogInView.swift in Sources */,
				BD21BB942A7C33500044FAAD /* WatchingItem.swift in Sources */,
				BD10515C2A7BE81100FBD5AC /* Communico.xcdatamodeld in Sources */,
				BD6E64D82A7BFFC8009B5D0F /* Persistance.swift in Sources */,
				BDB712702A7C26A600FD4F45 /* PFP.swift in Sources */,
				BDB712722A7C26F400FD4F45 /* ImagePicker.swift in Sources */,
				BDEF5C882A7BF54800869425 /* CoreDataManager.swift in Sources */,
				BDBE1B7D2A7D2E720034E82B /* profile.swift in Sources */,
				BD8E91002A7BF7A5009AAA26 /* MainPage.swift in Sources */,
				BD9415102A795E4C00EE1BBF /* CommunicoApp.swift in Sources */,
				BD21BB962A7D29F50044FAAD /* CreatingWatching.swift in Sources */,
			);
			runOnlyForDeploymentPostprocessing = 0;
		};
/* End PBXSourcesBuildPhase section */

/* Begin XCBuildConfiguration section */
		BD9415182A795E4D00EE1BBF /* Debug */ = {
			isa = XCBuildConfiguration;
			buildSettings = {
				ALWAYS_SEARCH_USER_PATHS = NO;
				CLANG_ANALYZER_NONNULL = YES;
				CLANG_ANALYZER_NUMBER_OBJECT_CONVERSION = YES_AGGRESSIVE;
				CLANG_CXX_LANGUAGE_STANDARD = "gnu++20";
				CLANG_ENABLE_MODULES = YES;
				CLANG_ENABLE_OBJC_ARC = YES;
				CLANG_ENABLE_OBJC_WEAK = YES;
				CLANG_WARN_BLOCK_CAPTURE_AUTORELEASING = YES;
				CLANG_WARN_BOOL_CONVERSION = YES;
				CLANG_WARN_COMMA = YES;
				CLANG_WARN_CONSTANT_CONVERSION = YES;
				CLANG_WARN_DEPRECATED_OBJC_IMPLEMENTATIONS = YES;
				CLANG_WARN_DIRECT_OBJC_ISA_USAGE = YES_ERROR;
				CLANG_WARN_DOCUMENTATION_COMMENTS = YES;
				CLANG_WARN_EMPTY_BODY = YES;
				CLANG_WARN_ENUM_CONVERSION = YES;
				CLANG_WARN_INFINITE_RECURSION = YES;
				CLANG_WARN_INT_CONVERSION = YES;
				CLANG_WARN_NON_LITERAL_NULL_CONVERSION = YES;
				CLANG_WARN_OBJC_IMPLICIT_RETAIN_SELF = YES;
				CLANG_WARN_OBJC_LITERAL_CONVERSION = YES;
				CLANG_WARN_OBJC_ROOT_CLASS = YES_ERROR;
				CLANG_WARN_QUOTED_INCLUDE_IN_FRAMEWORK_HEADER = YES;
				CLANG_WARN_RANGE_LOOP_ANALYSIS = YES;
				CLANG_WARN_STRICT_PROTOTYPES = YES;
				CLANG_WARN_SUSPICIOUS_MOVE = YES;
				CLANG_WARN_UNGUARDED_AVAILABILITY = YES_AGGRESSIVE;
				CLANG_WARN_UNREACHABLE_CODE = YES;
				CLANG_WARN__DUPLICATE_METHOD_MATCH = YES;
				COPY_PHASE_STRIP = NO;
				DEBUG_INFORMATION_FORMAT = dwarf;
				ENABLE_STRICT_OBJC_MSGSEND = YES;
				ENABLE_TESTABILITY = YES;
				GCC_C_LANGUAGE_STANDARD = gnu11;
				GCC_DYNAMIC_NO_PIC = NO;
				GCC_NO_COMMON_BLOCKS = YES;
				GCC_OPTIMIZATION_LEVEL = 0;
				GCC_PREPROCESSOR_DEFINITIONS = (
					"DEBUG=1",
					"$(inherited)",
				);
				GCC_WARN_64_TO_32_BIT_CONVERSION = YES;
				GCC_WARN_ABOUT_RETURN_TYPE = YES_ERROR;
				GCC_WARN_UNDECLARED_SELECTOR = YES;
				GCC_WARN_UNINITIALIZED_AUTOS = YES_AGGRESSIVE;
				GCC_WARN_UNUSED_FUNCTION = YES;
				GCC_WARN_UNUSED_VARIABLE = YES;
				IPHONEOS_DEPLOYMENT_TARGET = 16.4;
				MTL_ENABLE_DEBUG_INFO = INCLUDE_SOURCE;
				MTL_FAST_MATH = YES;
				ONLY_ACTIVE_ARCH = YES;
				SDKROOT = iphoneos;
				SWIFT_ACTIVE_COMPILATION_CONDITIONS = DEBUG;
				SWIFT_OPTIMIZATION_LEVEL = "-Onone";
			};
			name = Debug;
		};
		BD9415192A795E4D00EE1BBF /* Release */ = {
			isa = XCBuildConfiguration;
			buildSettings = {
				ALWAYS_SEARCH_USER_PATHS = NO;
				CLANG_ANALYZER_NONNULL = YES;
				CLANG_ANALYZER_NUMBER_OBJECT_CONVERSION = YES_AGGRESSIVE;
				CLANG_CXX_LANGUAGE_STANDARD = "gnu++20";
				CLANG_ENABLE_MODULES = YES;
				CLANG_ENABLE_OBJC_ARC = YES;
				CLANG_ENABLE_OBJC_WEAK = YES;
				CLANG_WARN_BLOCK_CAPTURE_AUTORELEASING = YES;
				CLANG_WARN_BOOL_CONVERSION = YES;
				CLANG_WARN_COMMA = YES;
				CLANG_WARN_CONSTANT_CONVERSION = YES;
				CLANG_WARN_DEPRECATED_OBJC_IMPLEMENTATIONS = YES;
				CLANG_WARN_DIRECT_OBJC_ISA_USAGE = YES_ERROR;
				CLANG_WARN_DOCUMENTATION_COMMENTS = YES;
				CLANG_WARN_EMPTY_BODY = YES;
				CLANG_WARN_ENUM_CONVERSION = YES;
				CLANG_WARN_INFINITE_RECURSION = YES;
				CLANG_WARN_INT_CONVERSION = YES;
				CLANG_WARN_NON_LITERAL_NULL_CONVERSION = YES;
				CLANG_WARN_OBJC_IMPLICIT_RETAIN_SELF = YES;
				CLANG_WARN_OBJC_LITERAL_CONVERSION = YES;
				CLANG_WARN_OBJC_ROOT_CLASS = YES_ERROR;
				CLANG_WARN_QUOTED_INCLUDE_IN_FRAMEWORK_HEADER = YES;
				CLANG_WARN_RANGE_LOOP_ANALYSIS = YES;
				CLANG_WARN_STRICT_PROTOTYPES = YES;
				CLANG_WARN_SUSPICIOUS_MOVE = YES;
				CLANG_WARN_UNGUARDED_AVAILABILITY = YES_AGGRESSIVE;
				CLANG_WARN_UNREACHABLE_CODE = YES;
				CLANG_WARN__DUPLICATE_METHOD_MATCH = YES;
				COPY_PHASE_STRIP = NO;
				DEBUG_INFORMATION_FORMAT = "dwarf-with-dsym";
				ENABLE_NS_ASSERTIONS = NO;
				ENABLE_STRICT_OBJC_MSGSEND = YES;
				GCC_C_LANGUAGE_STANDARD = gnu11;
				GCC_NO_COMMON_BLOCKS = YES;
				GCC_WARN_64_TO_32_BIT_CONVERSION = YES;
				GCC_WARN_ABOUT_RETURN_TYPE = YES_ERROR;
				GCC_WARN_UNDECLARED_SELECTOR = YES;
				GCC_WARN_UNINITIALIZED_AUTOS = YES_AGGRESSIVE;
				GCC_WARN_UNUSED_FUNCTION = YES;
				GCC_WARN_UNUSED_VARIABLE = YES;
				IPHONEOS_DEPLOYMENT_TARGET = 16.4;
				MTL_ENABLE_DEBUG_INFO = NO;
				MTL_FAST_MATH = YES;
				SDKROOT = iphoneos;
				SWIFT_COMPILATION_MODE = wholemodule;
				SWIFT_OPTIMIZATION_LEVEL = "-O";
				VALIDATE_PRODUCT = YES;
			};
			name = Release;
		};
		BD94151B2A795E4D00EE1BBF /* Debug */ = {
			isa = XCBuildConfiguration;
			buildSettings = {
				ASSETCATALOG_COMPILER_APPICON_NAME = AppIcon;
				ASSETCATALOG_COMPILER_GLOBAL_ACCENT_COLOR_NAME = AccentColor;
				CODE_SIGN_STYLE = Automatic;
				CURRENT_PROJECT_VERSION = 1;
				DEVELOPMENT_ASSET_PATHS = "\"Communico/Preview Content\"";
				ENABLE_PREVIEWS = YES;
				GENERATE_INFOPLIST_FILE = YES;
				INFOPLIST_FILE = Communico/Info.plist;
				INFOPLIST_KEY_UIApplicationSceneManifest_Generation = YES;
				INFOPLIST_KEY_UIApplicationSupportsIndirectInputEvents = YES;
				INFOPLIST_KEY_UILaunchScreen_Generation = YES;
				INFOPLIST_KEY_UISupportedInterfaceOrientations_iPad = "UIInterfaceOrientationPortrait UIInterfaceOrientationPortraitUpsideDown UIInterfaceOrientationLandscapeLeft UIInterfaceOrientationLandscapeRight";
				INFOPLIST_KEY_UISupportedInterfaceOrientations_iPhone = "UIInterfaceOrientationPortrait UIInterfaceOrientationLandscapeLeft UIInterfaceOrientationLandscapeRight";
				LD_RUNPATH_SEARCH_PATHS = (
					"$(inherited)",
					"@executable_path/Frameworks",
				);
				MARKETING_VERSION = 1.0;
				PRODUCT_BUNDLE_IDENTIFIER = KWK.Communico;
				PRODUCT_NAME = "$(TARGET_NAME)";
				SWIFT_EMIT_LOC_STRINGS = YES;
				SWIFT_VERSION = 5.0;
				TARGETED_DEVICE_FAMILY = "1,2";
			};
			name = Debug;
		};
		BD94151C2A795E4D00EE1BBF /* Release */ = {
			isa = XCBuildConfiguration;
			buildSettings = {
				ASSETCATALOG_COMPILER_APPICON_NAME = AppIcon;
				ASSETCATALOG_COMPILER_GLOBAL_ACCENT_COLOR_NAME = AccentColor;
				CODE_SIGN_STYLE = Automatic;
				CURRENT_PROJECT_VERSION = 1;
				DEVELOPMENT_ASSET_PATHS = "\"Communico/Preview Content\"";
				ENABLE_PREVIEWS = YES;
				GENERATE_INFOPLIST_FILE = YES;
				INFOPLIST_FILE = Communico/Info.plist;
				INFOPLIST_KEY_UIApplicationSceneManifest_Generation = YES;
				INFOPLIST_KEY_UIApplicationSupportsIndirectInputEvents = YES;
				INFOPLIST_KEY_UILaunchScreen_Generation = YES;
				INFOPLIST_KEY_UISupportedInterfaceOrientations_iPad = "UIInterfaceOrientationPortrait UIInterfaceOrientationPortraitUpsideDown UIInterfaceOrientationLandscapeLeft UIInterfaceOrientationLandscapeRight";
				INFOPLIST_KEY_UISupportedInterfaceOrientations_iPhone = "UIInterfaceOrientationPortrait UIInterfaceOrientationLandscapeLeft UIInterfaceOrientationLandscapeRight";
				LD_RUNPATH_SEARCH_PATHS = (
					"$(inherited)",
					"@executable_path/Frameworks",
				);
				MARKETING_VERSION = 1.0;
				PRODUCT_BUNDLE_IDENTIFIER = KWK.Communico;
				PRODUCT_NAME = "$(TARGET_NAME)";
				SWIFT_EMIT_LOC_STRINGS = YES;
				SWIFT_VERSION = 5.0;
				TARGETED_DEVICE_FAMILY = "1,2";
			};
			name = Release;
		};
/* End XCBuildConfiguration section */

/* Begin XCConfigurationList section */
		BD9415072A795E4C00EE1BBF /* Build configuration list for PBXProject "Communico" */ = {
			isa = XCConfigurationList;
			buildConfigurations = (
				BD9415182A795E4D00EE1BBF /* Debug */,
				BD9415192A795E4D00EE1BBF /* Release */,
			);
			defaultConfigurationIsVisible = 0;
			defaultConfigurationName = Release;
		};
		BD94151A2A795E4D00EE1BBF /* Build configuration list for PBXNativeTarget "Communico" */ = {
			isa = XCConfigurationList;
			buildConfigurations = (
				BD94151B2A795E4D00EE1BBF /* Debug */,
				BD94151C2A795E4D00EE1BBF /* Release */,
			);
			defaultConfigurationIsVisible = 0;
			defaultConfigurationName = Release;
		};
/* End XCConfigurationList section */

/* Begin XCVersionGroup section */
		BD10515A2A7BE81100FBD5AC /* Communico.xcdatamodeld */ = {
			isa = XCVersionGroup;
			children = (
				BD10515B2A7BE81100FBD5AC /* Communico.xcdatamodel */,
			);
			currentVersion = BD10515B2A7BE81100FBD5AC /* Communico.xcdatamodel */;
			path = Communico.xcdatamodeld;
			sourceTree = "<group>";
			versionGroupType = wrapper.xcdatamodel;
		};
/* End XCVersionGroup section */
	};
	rootObject = BD9415042A795E4C00EE1BBF /* Project object */;
}
